
Microsoft Visual Studio Solution File, Format Version 12.00
# Visual Studio 15
VisualStudioVersion = 15.0.27703.2042
MinimumVisualStudioVersion = 10.0.40219.1
Project("{9A19103F-16F7-4668-BE54-9A1E7A4F7556}") = "cm.ui", "cm.ui.csproj", "{A7D56273-9752-4D5E-A8D4-12FD52255121}"
EndProject
Global
	GlobalSection(SolutionConfigurationPlatforms) = preSolution
		Debug|Any CPU = Debug|Any CPU
		Release|Any CPU = Release|Any CPU
	EndGlobalSection
	GlobalSection(ProjectConfigurationPlatforms) = postSolution
		{A7D56273-9752-4D5E-A8D4-12FD52255121}.Debug|Any CPU.ActiveCfg = Debug|Any CPU
		{A7D56273-9752-4D5E-A8D4-12FD52255121}.Debug|Any CPU.Build.0 = Debug|Any CPU
		{A7D56273-9752-4D5E-A8D4-12FD52255121}.Release|Any CPU.ActiveCfg = Release|Any CPU
		{A7D56273-9752-4D5E-A8D4-12FD52255121}.Release|Any CPU.Build.0 = Release|Any CPU
	EndGlobalSection
	GlobalSection(SolutionProperties) = preSolution
		HideSolutionNode = FALSE
	EndGlobalSection
	GlobalSection(ExtensibilityGlobals) = postSolution
		SolutionGuid = {95EBABFD-B2CE-42FC-8E1B-DC235140DDFA}
	EndGlobalSection
EndGlobal
